
Microsoft Visual Studio Solution File, Format Version 12.00
# Visual Studio Version 16
VisualStudioVersion = 16.0.33927.289
MinimumVisualStudioVersion = 10.0.40219.1
Project("{2150E333-8FDC-42A3-9474-1A3956D46DE8}") = "Project", "Project", "{F94ED519-8EE7-4426-A0ED-71CBED6D2C16}"
EndProject
Project("{FAE04EC0-301F-11D3-BF4B-00C04F79EFBC}") = "Tyuiu.ChazovaSR.Sprint7.Project.V7.Lib", "Tyuiu.ChazovaSR.Sprint7.Project.V7.Lib\Tyuiu.ChazovaSR.Sprint7.Project.V7.Lib.csproj", "{C1FE41CD-440F-4037-A267-04551709BF8B}"
EndProject
Project("{FAE04EC0-301F-11D3-BF4B-00C04F79EFBC}") = "Tyuiu.ChazovaSR.Sprint7.Project.V7.Test", "Tyuiu.ChazovaSR.Sprint7.Project.V7.Test\Tyuiu.ChazovaSR.Sprint7.Project.V7.Test.csproj", "{9A4B7FAF-9E08-40A8-A53F-5452AD7D782D}"
EndProject
Project("{FAE04EC0-301F-11D3-BF4B-00C04F79EFBC}") = "Tyuiu.ChazovaSR.Sprint7.Project.V7", "Tyuiu.ChazovaSR.Sprint7.Project.V7\Tyuiu.ChazovaSR.Sprint7.Project.V7.csproj", "{9245DF86-D36B-4DCB-8BE3-2A6022D7D37C}"
EndProject
Global
	GlobalSection(SolutionConfigurationPlatforms) = preSolution
		Debug|Any CPU = Debug|Any CPU
		Release|Any CPU = Release|Any CPU
	EndGlobalSection
	GlobalSection(ProjectConfigurationPlatforms) = postSolution
		{C1FE41CD-440F-4037-A267-04551709BF8B}.Debug|Any CPU.ActiveCfg = Debug|Any CPU
		{C1FE41CD-440F-4037-A267-04551709BF8B}.Debug|Any CPU.Build.0 = Debug|Any CPU
		{C1FE41CD-440F-4037-A267-04551709BF8B}.Release|Any CPU.ActiveCfg = Release|Any CPU
		{C1FE41CD-440F-4037-A267-04551709BF8B}.Release|Any CPU.Build.0 = Release|Any CPU
		{9A4B7FAF-9E08-40A8-A53F-5452AD7D782D}.Debug|Any CPU.ActiveCfg = Debug|Any CPU
		{9A4B7FAF-9E08-40A8-A53F-5452AD7D782D}.Debug|Any CPU.Build.0 = Debug|Any CPU
		{9A4B7FAF-9E08-40A8-A53F-5452AD7D782D}.Release|Any CPU.ActiveCfg = Release|Any CPU
		{9A4B7FAF-9E08-40A8-A53F-5452AD7D782D}.Release|Any CPU.Build.0 = Release|Any CPU
		{9245DF86-D36B-4DCB-8BE3-2A6022D7D37C}.Debug|Any CPU.ActiveCfg = Debug|Any CPU
		{9245DF86-D36B-4DCB-8BE3-2A6022D7D37C}.Debug|Any CPU.Build.0 = Debug|Any CPU
		{9245DF86-D36B-4DCB-8BE3-2A6022D7D37C}.Release|Any CPU.ActiveCfg = Release|Any CPU
		{9245DF86-D36B-4DCB-8BE3-2A6022D7D37C}.Release|Any CPU.Build.0 = Release|Any CPU
	EndGlobalSection
	GlobalSection(SolutionProperties) = preSolution
		HideSolutionNode = FALSE
	EndGlobalSection
	GlobalSection(NestedProjects) = preSolution
		{C1FE41CD-440F-4037-A267-04551709BF8B} = {F94ED519-8EE7-4426-A0ED-71CBED6D2C16}
		{9A4B7FAF-9E08-40A8-A53F-5452AD7D782D} = {F94ED519-8EE7-4426-A0ED-71CBED6D2C16}
		{9245DF86-D36B-4DCB-8BE3-2A6022D7D37C} = {F94ED519-8EE7-4426-A0ED-71CBED6D2C16}
	EndGlobalSection
	GlobalSection(ExtensibilityGlobals) = postSolution
		SolutionGuid = {1FC35D4B-5A4C-4569-98FC-DF316B78EB86}
	EndGlobalSection
EndGlobal
